{
  "projects": [
    {
      "projectId": "gMM6j64kFpVw2LjyZ579pf",
      "version": "latest",
      "dependencies": {},
      "lang": "ts",
      "fileLocks": [
        {
          "type": "globalVariant",
          "assetId": "ZjtsoPPYrSIw6",
          "checksum": "81dcdc548423171646a25387969b41dd"
        },
        {
          "assetId": "gMM6j64kFpVw2LjyZ579pf",
          "type": "projectCss",
          "checksum": "ec2312c14e4fc8cecdf0a7209622817e"
        },
        {
          "type": "renderModule",
          "assetId": "qnMVd5StA27B",
          "checksum": "dc571a7b0a05e999951dae9aeb0cfe30"
        },
        {
          "type": "cssRules",
          "assetId": "qnMVd5StA27B",
          "checksum": "dc571a7b0a05e999951dae9aeb0cfe30"
        }
      ],
      "codegenVersion": "0.0.1"
    }
  ],
  "cliVersion": "0.1.184"
}
